
Microsoft Visual Studio Solution File, Format Version 12.00
# Visual Studio Version 16
VisualStudioVersion = 16.0.32002.261
MinimumVisualStudioVersion = 10.0.40219.1
Project("{FAE04EC0-301F-11D3-BF4B-00C04F79EFBC}") = "AuthenticationMVC", "AuthenticationMVC\AuthenticationMVC.csproj", "{70FC17ED-6713-4B97-B1FD-F7ABCB7E494F}"
EndProject
Global
	GlobalSection(SolutionConfigurationPlatforms) = preSolution
		Debug|Any CPU = Debug|Any CPU
		Release|Any CPU = Release|Any CPU
	EndGlobalSection
	GlobalSection(ProjectConfigurationPlatforms) = postSolution
		{70FC17ED-6713-4B97-B1FD-F7ABCB7E494F}.Debug|Any CPU.ActiveCfg = Debug|Any CPU
		{70FC17ED-6713-4B97-B1FD-F7ABCB7E494F}.Debug|Any CPU.Build.0 = Debug|Any CPU
		{70FC17ED-6713-4B97-B1FD-F7ABCB7E494F}.Release|Any CPU.ActiveCfg = Release|Any CPU
		{70FC17ED-6713-4B97-B1FD-F7ABCB7E494F}.Release|Any CPU.Build.0 = Release|Any CPU
	EndGlobalSection
	GlobalSection(SolutionProperties) = preSolution
		HideSolutionNode = FALSE
	EndGlobalSection
	GlobalSection(ExtensibilityGlobals) = postSolution
		SolutionGuid = {FE6BFCF7-8FF3-46F0-BB63-C27BE3BBEC2E}
	EndGlobalSection
EndGlobal
